
Microsoft Visual Studio Solution File, Format Version 12.00
# Visual Studio Version 16
VisualStudioVersion = 16.0.28803.156
MinimumVisualStudioVersion = 10.0.40219.1
Project("{8BC9CEB8-8B4A-11D0-8D11-00A0C91BC942}") = "010_project_euler", "010_project_euler\010_project_euler.vcxproj", "{99363838-DC2C-465A-B09B-6FE7D9E88602}"
EndProject
Global
	GlobalSection(SolutionConfigurationPlatforms) = preSolution
		Debug|x64 = Debug|x64
		Debug|x86 = Debug|x86
		Release|x64 = Release|x64
		Release|x86 = Release|x86
	EndGlobalSection
	GlobalSection(ProjectConfigurationPlatforms) = postSolution
		{99363838-DC2C-465A-B09B-6FE7D9E88602}.Debug|x64.ActiveCfg = Debug|x64
		{99363838-DC2C-465A-B09B-6FE7D9E88602}.Debug|x64.Build.0 = Debug|x64
		{99363838-DC2C-465A-B09B-6FE7D9E88602}.Debug|x86.ActiveCfg = Debug|Win32
		{99363838-DC2C-465A-B09B-6FE7D9E88602}.Debug|x86.Build.0 = Debug|Win32
		{99363838-DC2C-465A-B09B-6FE7D9E88602}.Release|x64.ActiveCfg = Release|x64
		{99363838-DC2C-465A-B09B-6FE7D9E88602}.Release|x64.Build.0 = Release|x64
		{99363838-DC2C-465A-B09B-6FE7D9E88602}.Release|x86.ActiveCfg = Release|Win32
		{99363838-DC2C-465A-B09B-6FE7D9E88602}.Release|x86.Build.0 = Release|Win32
	EndGlobalSection
	GlobalSection(SolutionProperties) = preSolution
		HideSolutionNode = FALSE
	EndGlobalSection
	GlobalSection(ExtensibilityGlobals) = postSolution
		SolutionGuid = {7782977D-1502-4EDB-B13A-F3FA43C4F9FD}
	EndGlobalSection
EndGlobal
